
Microsoft Visual Studio Solution File, Format Version 12.00
# Visual Studio Version 17
VisualStudioVersion = 17.3.32901.215
MinimumVisualStudioVersion = 10.0.40219.1
Project("{FAE04EC0-301F-11D3-BF4B-00C04F79EFBC}") = "Logicapps.Publish.App", "Logicapps.Publish.App.csproj", "{6108C71F-0A19-4C5B-99FE-42D6E4FDF47A}"
EndProject
Global
	GlobalSection(SolutionConfigurationPlatforms) = preSolution
		Debug|Any CPU = Debug|Any CPU
		Release|Any CPU = Release|Any CPU
	EndGlobalSection
	GlobalSection(ProjectConfigurationPlatforms) = postSolution
		{6108C71F-0A19-4C5B-99FE-42D6E4FDF47A}.Debug|Any CPU.ActiveCfg = Debug|Any CPU
		{6108C71F-0A19-4C5B-99FE-42D6E4FDF47A}.Debug|Any CPU.Build.0 = Debug|Any CPU
		{6108C71F-0A19-4C5B-99FE-42D6E4FDF47A}.Release|Any CPU.ActiveCfg = Release|Any CPU
		{6108C71F-0A19-4C5B-99FE-42D6E4FDF47A}.Release|Any CPU.Build.0 = Release|Any CPU
	EndGlobalSection
	GlobalSection(SolutionProperties) = preSolution
		HideSolutionNode = FALSE
	EndGlobalSection
	GlobalSection(ExtensibilityGlobals) = postSolution
		SolutionGuid = {8F976329-C84E-4F7F-98EE-F6D5A5138B60}
	EndGlobalSection
EndGlobal
